// !$*UTF8*$!
{
	archiveVersion = 1;
	classes = {
	};
	objectVersion = 52;
	objects = {

/* Begin PBXBuildFile section */
		E266F7CD256B8EBC004EA4EF /* PokedexSwifttUIApp.swift in Sources */ = {isa = PBXBuildFile; fileRef = E266F7BA256B8EBB004EA4EF /* PokedexSwifttUIApp.swift */; };
		E266F7CE256B8EBC004EA4EF /* PokedexSwifttUIApp.swift in Sources */ = {isa = PBXBuildFile; fileRef = E266F7BA256B8EBB004EA4EF /* PokedexSwifttUIApp.swift */; };
		E266F7CF256B8EBC004EA4EF /* ContentView.swift in Sources */ = {isa = PBXBuildFile; fileRef = E266F7BB256B8EBB004EA4EF /* ContentView.swift */; };
		E266F7D0256B8EBC004EA4EF /* ContentView.swift in Sources */ = {isa = PBXBuildFile; fileRef = E266F7BB256B8EBB004EA4EF /* ContentView.swift */; };
		E266F7D1256B8EBC004EA4EF /* Assets.xcassets in Resources */ = {isa = PBXBuildFile; fileRef = E266F7BC256B8EBC004EA4EF /* Assets.xcassets */; };
		E266F7D2256B8EBC004EA4EF /* Assets.xcassets in Resources */ = {isa = PBXBuildFile; fileRef = E266F7BC256B8EBC004EA4EF /* Assets.xcassets */; };
		E266F7EA256B8F41004EA4EF /* PokemonCell.swift in Sources */ = {isa = PBXBuildFile; fileRef = E266F7E9256B8F41004EA4EF /* PokemonCell.swift */; };
		E266F7EB256B8F41004EA4EF /* PokemonCell.swift in Sources */ = {isa = PBXBuildFile; fileRef = E266F7E9256B8F41004EA4EF /* PokemonCell.swift */; };
		E266F7F1256B93BB004EA4EF /* PokedexView.swift in Sources */ = {isa = PBXBuildFile; fileRef = E266F7F0256B93BB004EA4EF /* PokedexView.swift */; };
		E266F7F2256B93BB004EA4EF /* PokedexView.swift in Sources */ = {isa = PBXBuildFile; fileRef = E266F7F0256B93BB004EA4EF /* PokedexView.swift */; };
		E266F7F6256B95B7004EA4EF /* Pokemon.swift in Sources */ = {isa = PBXBuildFile; fileRef = E266F7F5256B95B7004EA4EF /* Pokemon.swift */; };
		E266F7F7256B95B7004EA4EF /* Pokemon.swift in Sources */ = {isa = PBXBuildFile; fileRef = E266F7F5256B95B7004EA4EF /* Pokemon.swift */; };
		E266F7FB256BCFCF004EA4EF /* PokemonViewModel.swift in Sources */ = {isa = PBXBuildFile; fileRef = E266F7FA256BCFCF004EA4EF /* PokemonViewModel.swift */; };
		E266F7FC256BCFCF004EA4EF /* PokemonViewModel.swift in Sources */ = {isa = PBXBuildFile; fileRef = E266F7FA256BCFCF004EA4EF /* PokemonViewModel.swift */; };
		E266F801256BDBF1004EA4EF /* KingfisherSwiftUI in Frameworks */ = {isa = PBXBuildFile; productRef = E266F800256BDBF1004EA4EF /* KingfisherSwiftUI */; };
/* End PBXBuildFile section */

/* Begin PBXFileReference section */
		E266F7BA256B8EBB004EA4EF /* PokedexSwifttUIApp.swift */ = {isa = PBXFileReference; lastKnownFileType = sourcecode.swift; path = PokedexSwifttUIApp.swift; sourceTree = "<group>"; };
		E266F7BB256B8EBB004EA4EF /* ContentView.swift */ = {isa = PBXFileReference; lastKnownFileType = sourcecode.swift; path = ContentView.swift; sourceTree = "<group>"; };
		E266F7BC256B8EBC004EA4EF /* Assets.xcassets */ = {isa = PBXFileReference; lastKnownFileType = folder.assetcatalog; path = Assets.xcassets; sourceTree = "<group>"; };
		E266F7C1256B8EBC004EA4EF /* PokedexSwifttUI.app */ = {isa = PBXFileReference; explicitFileType = wrapper.application; includeInIndex = 0; path = PokedexSwifttUI.app; sourceTree = BUILT_PRODUCTS_DIR; };
		E266F7C4256B8EBC004EA4EF /* Info.plist */ = {isa = PBXFileReference; lastKnownFileType = text.plist.xml; path = Info.plist; sourceTree = "<group>"; };
		E266F7C9256B8EBC004EA4EF /* PokedexSwifttUI.app */ = {isa = PBXFileReference; explicitFileType = wrapper.application; includeInIndex = 0; path = PokedexSwifttUI.app; sourceTree = BUILT_PRODUCTS_DIR; };
		E266F7CB256B8EBC004EA4EF /* Info.plist */ = {isa = PBXFileReference; lastKnownFileType = text.plist.xml; path = Info.plist; sourceTree = "<group>"; };
		E266F7CC256B8EBC004EA4EF /* macOS.entitlements */ = {isa = PBXFileReference; lastKnownFileType = text.plist.entitlements; path = macOS.entitlements; sourceTree = "<group>"; };
		E266F7E9256B8F41004EA4EF /* PokemonCell.swift */ = {isa = PBXFileReference; lastKnownFileType = sourcecode.swift; path = PokemonCell.swift; sourceTree = "<group>"; };
		E266F7F0256B93BB004EA4EF /* PokedexView.swift */ = {isa = PBXFileReference; lastKnownFileType = sourcecode.swift; path = PokedexView.swift; sourceTree = "<group>"; };
		E266F7F5256B95B7004EA4EF /* Pokemon.swift */ = {isa = PBXFileReference; lastKnownFileType = sourcecode.swift; path = Pokemon.swift; sourceTree = "<group>"; };
		E266F7FA256BCFCF004EA4EF /* PokemonViewModel.swift */ = {isa = PBXFileReference; lastKnownFileType = sourcecode.swift; path = PokemonViewModel.swift; sourceTree = "<group>"; };
/* End PBXFileReference section */

/* Begin PBXFrameworksBuildPhase section */
		E266F7BE256B8EBC004EA4EF /* Frameworks */ = {
			isa = PBXFrameworksBuildPhase;
			buildActionMask = 2147483647;
			files = (
				E266F801256BDBF1004EA4EF /* KingfisherSwiftUI in Frameworks */,
			);
			runOnlyForDeploymentPostprocessing = 0;
		};
		E266F7C6256B8EBC004EA4EF /* Frameworks */ = {
			isa = PBXFrameworksBuildPhase;
			buildActionMask = 2147483647;
			files = (
			);
			runOnlyForDeploymentPostprocessing = 0;
		};
/* End PBXFrameworksBuildPhase section */

/* Begin PBXGroup section */
		E266F7B4256B8EBB004EA4EF = {
			isa = PBXGroup;
			children = (
				E266F7B9256B8EBB004EA4EF /* Shared */,
				E266F7C3256B8EBC004EA4EF /* iOS */,
				E266F7CA256B8EBC004EA4EF /* macOS */,
				E266F7C2256B8EBC004EA4EF /* Products */,
			);
			sourceTree = "<group>";
		};
		E266F7B9256B8EBB004EA4EF /* Shared */ = {
			isa = PBXGroup;
			children = (
				E266F7E8256B8EFD004EA4EF /* Model */,
				E266F7E7256B8EF2004EA4EF /* View */,
				E266F7DD256B8ED3004EA4EF /* ViewModel */,
				E266F7BA256B8EBB004EA4EF /* PokedexSwifttUIApp.swift */,
				E266F7BB256B8EBB004EA4EF /* ContentView.swift */,
				E266F7BC256B8EBC004EA4EF /* Assets.xcassets */,
			);
			path = Shared;
			sourceTree = "<group>";
		};
		E266F7C2256B8EBC004EA4EF /* Products */ = {
			isa = PBXGroup;
			children = (
				E266F7C1256B8EBC004EA4EF /* PokedexSwifttUI.app */,
				E266F7C9256B8EBC004EA4EF /* PokedexSwifttUI.app */,
			);
			name = Products;
			sourceTree = "<group>";
		};
		E266F7C3256B8EBC004EA4EF /* iOS */ = {
			isa = PBXGroup;
			children = (
				E266F7C4256B8EBC004EA4EF /* Info.plist */,
			);
			path = iOS;
			sourceTree = "<group>";
		};
		E266F7CA256B8EBC004EA4EF /* macOS */ = {
			isa = PBXGroup;
			children = (
				E266F7CB256B8EBC004EA4EF /* Info.plist */,
				E266F7CC256B8EBC004EA4EF /* macOS.entitlements */,
			);
			path = macOS;
			sourceTree = "<group>";
		};
		E266F7DD256B8ED3004EA4EF /* ViewModel */ = {
			isa = PBXGroup;
			children = (
				E266F7FA256BCFCF004EA4EF /* PokemonViewModel.swift */,
			);
			path = ViewModel;
			sourceTree = "<group>";
		};
		E266F7E7256B8EF2004EA4EF /* View */ = {
			isa = PBXGroup;
			children = (
				E266F7E9256B8F41004EA4EF /* PokemonCell.swift */,
				E266F7F0256B93BB004EA4EF /* PokedexView.swift */,
			);
			path = View;
			sourceTree = "<group>";
		};
		E266F7E8256B8EFD004EA4EF /* Model */ = {
			isa = PBXGroup;
			children = (
				E266F7F5256B95B7004EA4EF /* Pokemon.swift */,
			);
			path = Model;
			sourceTree = "<group>";
		};
/* End PBXGroup section */

/* Begin PBXNativeTarget section */
		E266F7C0256B8EBC004EA4EF /* PokedexSwifttUI (iOS) */ = {
			isa = PBXNativeTarget;
			buildConfigurationList = E266F7D5256B8EBC004EA4EF /* Build configuration list for PBXNativeTarget "PokedexSwifttUI (iOS)" */;
			buildPhases = (
				E266F7BD256B8EBC004EA4EF /* Sources */,
				E266F7BE256B8EBC004EA4EF /* Frameworks */,
				E266F7BF256B8EBC004EA4EF /* Resources */,
			);
			buildRules = (
			);
			dependencies = (
			);
			name = "PokedexSwifttUI (iOS)";
			packageProductDependencies = (
				E266F800256BDBF1004EA4EF /* KingfisherSwiftUI */,
			);
			productName = "PokedexSwifttUI (iOS)";
			productReference = E266F7C1256B8EBC004EA4EF /* PokedexSwifttUI.app */;
			productType = "com.apple.product-type.application";
		};
		E266F7C8256B8EBC004EA4EF /* PokedexSwifttUI (macOS) */ = {
			isa = PBXNativeTarget;
			buildConfigurationList = E266F7D8256B8EBC004EA4EF /* Build configuration list for PBXNativeTarget "PokedexSwifttUI (macOS)" */;
			buildPhases = (
				E266F7C5256B8EBC004EA4EF /* Sources */,
				E266F7C6256B8EBC004EA4EF /* Frameworks */,
				E266F7C7256B8EBC004EA4EF /* Resources */,
			);
			buildRules = (
			);
			dependencies = (
			);
			name = "PokedexSwifttUI (macOS)";
			productName = "PokedexSwifttUI (macOS)";
			productReference = E266F7C9256B8EBC004EA4EF /* PokedexSwifttUI.app */;
			productType = "com.apple.product-type.application";
		};
/* End PBXNativeTarget section */

/* Begin PBXProject section */
		E266F7B5256B8EBB004EA4EF /* Project object */ = {
			isa = PBXProject;
			attributes = {
				LastSwiftUpdateCheck = 1220;
				LastUpgradeCheck = 1220;
				TargetAttributes = {
					E266F7C0256B8EBC004EA4EF = {
						CreatedOnToolsVersion = 12.2;
					};
					E266F7C8256B8EBC004EA4EF = {
						CreatedOnToolsVersion = 12.2;
					};
				};
			};
			buildConfigurationList = E266F7B8256B8EBB004EA4EF /* Build configuration list for PBXProject "PokedexSwifttUI" */;
			compatibilityVersion = "Xcode 9.3";
			developmentRegion = en;
			hasScannedForEncodings = 0;
			knownRegions = (
				en,
				Base,
			);
			mainGroup = E266F7B4256B8EBB004EA4EF;
			packageReferences = (
				E266F7FF256BDBF1004EA4EF /* XCRemoteSwiftPackageReference "Kingfisher" */,
			);
			productRefGroup = E266F7C2256B8EBC004EA4EF /* Products */;
			projectDirPath = "";
			projectRoot = "";
			targets = (
				E266F7C0256B8EBC004EA4EF /* PokedexSwifttUI (iOS) */,
				E266F7C8256B8EBC004EA4EF /* PokedexSwifttUI (macOS) */,
			);
		};
/* End PBXProject section */

/* Begin PBXResourcesBuildPhase section */
		E266F7BF256B8EBC004EA4EF /* Resources */ = {
			isa = PBXResourcesBuildPhase;
			buildActionMask = 2147483647;
			files = (
				E266F7D1256B8EBC004EA4EF /* Assets.xcassets in Resources */,
			);
			runOnlyForDeploymentPostprocessing = 0;
		};
		E266F7C7256B8EBC004EA4EF /* Resources */ = {
			isa = PBXResourcesBuildPhase;
			buildActionMask = 2147483647;
			files = (
				E266F7D2256B8EBC004EA4EF /* Assets.xcassets in Resources */,
			);
			runOnlyForDeploymentPostprocessing = 0;
		};
/* End PBXResourcesBuildPhase section */

/* Begin PBXSourcesBuildPhase section */
		E266F7BD256B8EBC004EA4EF /* Sources */ = {
			isa = PBXSourcesBuildPhase;
			buildActionMask = 2147483647;
			files = (
				E266F7F6256B95B7004EA4EF /* Pokemon.swift in Sources */,
				E266F7CF256B8EBC004EA4EF /* ContentView.swift in Sources */,
				E266F7FB256BCFCF004EA4EF /* PokemonViewModel.swift in Sources */,
				E266F7CD256B8EBC004EA4EF /* PokedexSwifttUIApp.swift in Sources */,
				E266F7EA256B8F41004EA4EF /* PokemonCell.swift in Sources */,
				E266F7F1256B93BB004EA4EF /* PokedexView.swift in Sources */,
			);
			runOnlyForDeploymentPostprocessing = 0;
		};
		E266F7C5256B8EBC004EA4EF /* Sources */ = {
			isa = PBXSourcesBuildPhase;
			buildActionMask = 2147483647;
			files = (
				E266F7F7256B95B7004EA4EF /* Pokemon.swift in Sources */,
				E266F7D0256B8EBC004EA4EF /* ContentView.swift in Sources */,
				E266F7FC256BCFCF004EA4EF /* PokemonViewModel.swift in Sources */,
				E266F7CE256B8EBC004EA4EF /* PokedexSwifttUIApp.swift in Sources */,
				E266F7EB256B8F41004EA4EF /* PokemonCell.swift in Sources */,
				E266F7F2256B93BB004EA4EF /* PokedexView.swift in Sources */,
			);
			runOnlyForDeploymentPostprocessing = 0;
		};
/* End PBXSourcesBuildPhase section */

/* Begin XCBuildConfiguration section */
		E266F7D3256B8EBC004EA4EF /* Debug */ = {
			isa = XCBuildConfiguration;
			buildSettings = {
				ALWAYS_SEARCH_USER_PATHS = NO;
				CLANG_ANALYZER_NONNULL = YES;
				CLANG_ANALYZER_NUMBER_OBJECT_CONVERSION = YES_AGGRESSIVE;
				CLANG_CXX_LANGUAGE_STANDARD = "gnu++14";
				CLANG_CXX_LIBRARY = "libc++";
				CLANG_ENABLE_MODULES = YES;
				CLANG_ENABLE_OBJC_ARC = YES;
				CLANG_ENABLE_OBJC_WEAK = YES;
				CLANG_WARN_BLOCK_CAPTURE_AUTORELEASING = YES;
				CLANG_WARN_BOOL_CONVERSION = YES;
				CLANG_WARN_COMMA = YES;
				CLANG_WARN_CONSTANT_CONVERSION = YES;
				CLANG_WARN_DEPRECATED_OBJC_IMPLEMENTATIONS = YES;
				CLANG_WARN_DIRECT_OBJC_ISA_USAGE = YES_ERROR;
				CLANG_WARN_DOCUMENTATION_COMMENTS = YES;
				CLANG_WARN_EMPTY_BODY = YES;
				CLANG_WARN_ENUM_CONVERSION = YES;
				CLANG_WARN_INFINITE_RECURSION = YES;
				CLANG_WARN_INT_CONVERSION = YES;
				CLANG_WARN_NON_LITERAL_NULL_CONVERSION = YES;
				CLANG_WARN_OBJC_IMPLICIT_RETAIN_SELF = YES;
				CLANG_WARN_OBJC_LITERAL_CONVERSION = YES;
				CLANG_WARN_OBJC_ROOT_CLASS = YES_ERROR;
				CLANG_WARN_QUOTED_INCLUDE_IN_FRAMEWORK_HEADER = YES;
				CLANG_WARN_RANGE_LOOP_ANALYSIS = YES;
				CLANG_WARN_STRICT_PROTOTYPES = YES;
				CLANG_WARN_SUSPICIOUS_MOVE = YES;
				CLANG_WARN_UNGUARDED_AVAILABILITY = YES_AGGRESSIVE;
				CLANG_WARN_UNREACHABLE_CODE = YES;
				CLANG_WARN__DUPLICATE_METHOD_MATCH = YES;
				COPY_PHASE_STRIP = NO;
				DEBUG_INFORMATION_FORMAT = dwarf;
				ENABLE_STRICT_OBJC_MSGSEND = YES;
				ENABLE_TESTABILITY = YES;
				GCC_C_LANGUAGE_STANDARD = gnu11;
				GCC_DYNAMIC_NO_PIC = NO;
				GCC_NO_COMMON_BLOCKS = YES;
				GCC_OPTIMIZATION_LEVEL = 0;
				GCC_PREPROCESSOR_DEFINITIONS = (
					"DEBUG=1",
					"$(inherited)",
				);
				GCC_WARN_64_TO_32_BIT_CONVERSION = YES;
				GCC_WARN_ABOUT_RETURN_TYPE = YES_ERROR;
				GCC_WARN_UNDECLARED_SELECTOR = YES;
				GCC_WARN_UNINITIALIZED_AUTOS = YES_AGGRESSIVE;
				GCC_WARN_UNUSED_FUNCTION = YES;
				GCC_WARN_UNUSED_VARIABLE = YES;
				MTL_ENABLE_DEBUG_INFO = INCLUDE_SOURCE;
				MTL_FAST_MATH = YES;
				ONLY_ACTIVE_ARCH = YES;
				SWIFT_ACTIVE_COMPILATION_CONDITIONS = DEBUG;
				SWIFT_OPTIMIZATION_LEVEL = "-Onone";
			};
			name = Debug;
		};
		E266F7D4256B8EBC004EA4EF /* Release */ = {
			isa = XCBuildConfiguration;
			buildSettings = {
				ALWAYS_SEARCH_USER_PATHS = NO;
				CLANG_ANALYZER_NONNULL = YES;
				CLANG_ANALYZER_NUMBER_OBJECT_CONVERSION = YES_AGGRESSIVE;
				CLANG_CXX_LANGUAGE_STANDARD = "gnu++14";
				CLANG_CXX_LIBRARY = "libc++";
				CLANG_ENABLE_MODULES = YES;
				CLANG_ENABLE_OBJC_ARC = YES;
				CLANG_ENABLE_OBJC_WEAK = YES;
				CLANG_WARN_BLOCK_CAPTURE_AUTORELEASING = YES;
				CLANG_WARN_BOOL_CONVERSION = YES;
				CLANG_WARN_COMMA = YES;
				CLANG_WARN_CONSTANT_CONVERSION = YES;
				CLANG_WARN_DEPRECATED_OBJC_IMPLEMENTATIONS = YES;
				CLANG_WARN_DIRECT_OBJC_ISA_USAGE = YES_ERROR;
				CLANG_WARN_DOCUMENTATION_COMMENTS = YES;
				CLANG_WARN_EMPTY_BODY = YES;
				CLANG_WARN_ENUM_CONVERSION = YES;
				CLANG_WARN_INFINITE_RECURSION = YES;
				CLANG_WARN_INT_CONVERSION = YES;
				CLANG_WARN_NON_LITERAL_NULL_CONVERSION = YES;
				CLANG_WARN_OBJC_IMPLICIT_RETAIN_SELF = YES;
				CLANG_WARN_OBJC_LITERAL_CONVERSION = YES;
				CLANG_WARN_OBJC_ROOT_CLASS = YES_ERROR;
				CLANG_WARN_QUOTED_INCLUDE_IN_FRAMEWORK_HEADER = YES;
				CLANG_WARN_RANGE_LOOP_ANALYSIS = YES;
				CLANG_WARN_STRICT_PROTOTYPES = YES;
				CLANG_WARN_SUSPICIOUS_MOVE = YES;
				CLANG_WARN_UNGUARDED_AVAILABILITY = YES_AGGRESSIVE;
				CLANG_WARN_UNREACHABLE_CODE = YES;
				CLANG_WARN__DUPLICATE_METHOD_MATCH = YES;
				COPY_PHASE_STRIP = NO;
				DEBUG_INFORMATION_FORMAT = "dwarf-with-dsym";
				ENABLE_NS_ASSERTIONS = NO;
				ENABLE_STRICT_OBJC_MSGSEND = YES;
				GCC_C_LANGUAGE_STANDARD = gnu11;
				GCC_NO_COMMON_BLOCKS = YES;
				GCC_WARN_64_TO_32_BIT_CONVERSION = YES;
				GCC_WARN_ABOUT_RETURN_TYPE = YES_ERROR;
				GCC_WARN_UNDECLARED_SELECTOR = YES;
				GCC_WARN_UNINITIALIZED_AUTOS = YES_AGGRESSIVE;
				GCC_WARN_UNUSED_FUNCTION = YES;
				GCC_WARN_UNUSED_VARIABLE = YES;
				MTL_ENABLE_DEBUG_INFO = NO;
				MTL_FAST_MATH = YES;
				SWIFT_COMPILATION_MODE = wholemodule;
				SWIFT_OPTIMIZATION_LEVEL = "-O";
			};
			name = Release;
		};
		E266F7D6256B8EBC004EA4EF /* Debug */ = {
			isa = XCBuildConfiguration;
			buildSettings = {
				ASSETCATALOG_COMPILER_APPICON_NAME = AppIcon;
				ASSETCATALOG_COMPILER_GLOBAL_ACCENT_COLOR_NAME = AccentColor;
				CODE_SIGN_STYLE = Automatic;
				DEVELOPMENT_TEAM = 934NVR3K3Z;
				ENABLE_PREVIEWS = YES;
				INFOPLIST_FILE = iOS/Info.plist;
				IPHONEOS_DEPLOYMENT_TARGET = 14.0;
				LD_RUNPATH_SEARCH_PATHS = (
					"$(inherited)",
					"@executable_path/Frameworks",
				);
				PRODUCT_BUNDLE_IDENTIFIER = com.oscargarrucho.PokedexSwifttUI;
				PRODUCT_NAME = PokedexSwifttUI;
				SDKROOT = iphoneos;
				SWIFT_VERSION = 5.0;
				TARGETED_DEVICE_FAMILY = "1,2";
			};
			name = Debug;
		};
		E266F7D7256B8EBC004EA4EF /* Release */ = {
			isa = XCBuildConfiguration;
			buildSettings = {
				ASSETCATALOG_COMPILER_APPICON_NAME = AppIcon;
				ASSETCATALOG_COMPILER_GLOBAL_ACCENT_COLOR_NAME = AccentColor;
				CODE_SIGN_STYLE = Automatic;
				DEVELOPMENT_TEAM = 934NVR3K3Z;
				ENABLE_PREVIEWS = YES;
				INFOPLIST_FILE = iOS/Info.plist;
				IPHONEOS_DEPLOYMENT_TARGET = 14.0;
				LD_RUNPATH_SEARCH_PATHS = (
					"$(inherited)",
					"@executable_path/Frameworks",
				);
				PRODUCT_BUNDLE_IDENTIFIER = com.oscargarrucho.PokedexSwifttUI;
				PRODUCT_NAME = PokedexSwifttUI;
				SDKROOT = iphoneos;
				SWIFT_VERSION = 5.0;
				TARGETED_DEVICE_FAMILY = "1,2";
				VALIDATE_PRODUCT = YES;
			};
			name = Release;
		};
		E266F7D9256B8EBC004EA4EF /* Debug */ = {
			isa = XCBuildConfiguration;
			buildSettings = {
				ASSETCATALOG_COMPILER_APPICON_NAME = AppIcon;
				ASSETCATALOG_COMPILER_GLOBAL_ACCENT_COLOR_NAME = AccentColor;
				CODE_SIGN_ENTITLEMENTS = macOS/macOS.entitlements;
				CODE_SIGN_STYLE = Automatic;
				COMBINE_HIDPI_IMAGES = YES;
				DEVELOPMENT_TEAM = 934NVR3K3Z;
				ENABLE_HARDENED_RUNTIME = YES;
				ENABLE_PREVIEWS = YES;
				INFOPLIST_FILE = macOS/Info.plist;
				LD_RUNPATH_SEARCH_PATHS = (
					"$(inherited)",
					"@executable_path/../Frameworks",
				);
				MACOSX_DEPLOYMENT_TARGET = 11.0;
				PRODUCT_BUNDLE_IDENTIFIER = com.oscargarrucho.PokedexSwifttUI;
				PRODUCT_NAME = PokedexSwifttUI;
				SDKROOT = macosx;
				SWIFT_VERSION = 5.0;
			};
			name = Debug;
		};
		E266F7DA256B8EBC004EA4EF /* Release */ = {
			isa = XCBuildConfiguration;
			buildSettings = {
				ASSETCATALOG_COMPILER_APPICON_NAME = AppIcon;
				ASSETCATALOG_COMPILER_GLOBAL_ACCENT_COLOR_NAME = AccentColor;
				CODE_SIGN_ENTITLEMENTS = macOS/macOS.entitlements;
				CODE_SIGN_STYLE = Automatic;
				COMBINE_HIDPI_IMAGES = YES;
				DEVELOPMENT_TEAM = 934NVR3K3Z;
				ENABLE_HARDENED_RUNTIME = YES;
				ENABLE_PREVIEWS = YES;
				INFOPLIST_FILE = macOS/Info.plist;
				LD_RUNPATH_SEARCH_PATHS = (
					"$(inherited)",
					"@executable_path/../Frameworks",
				);
				MACOSX_DEPLOYMENT_TARGET = 11.0;
				PRODUCT_BUNDLE_IDENTIFIER = com.oscargarrucho.PokedexSwifttUI;
				PRODUCT_NAME = PokedexSwifttUI;
				SDKROOT = macosx;
				SWIFT_VERSION = 5.0;
			};
			name = Release;
		};
/* End XCBuildConfiguration section */

/* Begin XCConfigurationList section */
		E266F7B8256B8EBB004EA4EF /* Build configuration list for PBXProject "PokedexSwifttUI" */ = {
			isa = XCConfigurationList;
			buildConfigurations = (
				E266F7D3256B8EBC004EA4EF /* Debug */,
				E266F7D4256B8EBC004EA4EF /* Release */,
			);
			defaultConfigurationIsVisible = 0;
			defaultConfigurationName = Release;
		};
		E266F7D5256B8EBC004EA4EF /* Build configuration list for PBXNativeTarget "PokedexSwifttUI (iOS)" */ = {
			isa = XCConfigurationList;
			buildConfigurations = (
				E266F7D6256B8EBC004EA4EF /* Debug */,
				E266F7D7256B8EBC004EA4EF /* Release */,
			);
			defaultConfigurationIsVisible = 0;
			defaultConfigurationName = Release;
		};
		E266F7D8256B8EBC004EA4EF /* Build configuration list for PBXNativeTarget "PokedexSwifttUI (macOS)" */ = {
			isa = XCConfigurationList;
			buildConfigurations = (
				E266F7D9256B8EBC004EA4EF /* Debug */,
				E266F7DA256B8EBC004EA4EF /* Release */,
			);
			defaultConfigurationIsVisible = 0;
			defaultConfigurationName = Release;
		};
/* End XCConfigurationList section */

/* Begin XCRemoteSwiftPackageReference section */
		E266F7FF256BDBF1004EA4EF /* XCRemoteSwiftPackageReference "Kingfisher" */ = {
			isa = XCRemoteSwiftPackageReference;
			repositoryURL = "https://github.com/onevcat/Kingfisher.git";
			requirement = {
				kind = upToNextMajorVersion;
				minimumVersion = 5.15.7;
			};
		};
/* End XCRemoteSwiftPackageReference section */

/* Begin XCSwiftPackageProductDependency section */
		E266F800256BDBF1004EA4EF /* KingfisherSwiftUI */ = {
			isa = XCSwiftPackageProductDependency;
			package = E266F7FF256BDBF1004EA4EF /* XCRemoteSwiftPackageReference "Kingfisher" */;
			productName = KingfisherSwiftUI;
		};
/* End XCSwiftPackageProductDependency section */
	};
	rootObject = E266F7B5256B8EBB004EA4EF /* Project object */;
}
